// !$*UTF8*$!
{
	archiveVersion = 1;
	classes = {
	};
	objectVersion = 56;
	objects = {

/* Begin PBXBuildFile section */
		3349E8C62AE38B0E000093DC /* AppDelegate.swift in Sources */ = {isa = PBXBuildFile; fileRef = 3349E8C52AE38B0E000093DC /* AppDelegate.swift */; };
		3349E8C82AE38B0E000093DC /* SceneDelegate.swift in Sources */ = {isa = PBXBuildFile; fileRef = 3349E8C72AE38B0E000093DC /* SceneDelegate.swift */; };
		3349E8CA2AE38B0E000093DC /* RootViewController.swift in Sources */ = {isa = PBXBuildFile; fileRef = 3349E8C92AE38B0E000093DC /* RootViewController.swift */; };
		3349E8CF2AE38B10000093DC /* Assets.xcassets in Resources */ = {isa = PBXBuildFile; fileRef = 3349E8CE2AE38B10000093DC /* Assets.xcassets */; };
		3349E8D22AE38B10000093DC /* LaunchScreen.storyboard in Resources */ = {isa = PBXBuildFile; fileRef = 3349E8D02AE38B10000093DC /* LaunchScreen.storyboard */; };
		3349E8DB2AE39B6C000093DC /* PinLayout in Frameworks */ = {isa = PBXBuildFile; productRef = 3349E8DA2AE39B6C000093DC /* PinLayout */; };
		3349E8DE2AE39B77000093DC /* FlexLayout in Frameworks */ = {isa = PBXBuildFile; productRef = 3349E8DD2AE39B77000093DC /* FlexLayout */; };
		3349E8E02AE39B77000093DC /* FlexLayoutYoga in Frameworks */ = {isa = PBXBuildFile; productRef = 3349E8DF2AE39B77000093DC /* FlexLayoutYoga */; };
		3349E8E22AE39B77000093DC /* FlexLayoutYogaKit in Frameworks */ = {isa = PBXBuildFile; productRef = 3349E8E12AE39B77000093DC /* FlexLayoutYogaKit */; };
		3349E8E52AE39B80000093DC /* Then in Frameworks */ = {isa = PBXBuildFile; productRef = 3349E8E42AE39B80000093DC /* Then */; };
/* End PBXBuildFile section */

/* Begin PBXFileReference section */
		3349E8C22AE38B0E000093DC /* PinLayoutFlxLayoutPractices.app */ = {isa = PBXFileReference; explicitFileType = wrapper.application; includeInIndex = 0; path = PinLayoutFlxLayoutPractices.app; sourceTree = BUILT_PRODUCTS_DIR; };
		3349E8C52AE38B0E000093DC /* AppDelegate.swift */ = {isa = PBXFileReference; lastKnownFileType = sourcecode.swift; path = AppDelegate.swift; sourceTree = "<group>"; };
		3349E8C72AE38B0E000093DC /* SceneDelegate.swift */ = {isa = PBXFileReference; lastKnownFileType = sourcecode.swift; path = SceneDelegate.swift; sourceTree = "<group>"; };
		3349E8C92AE38B0E000093DC /* RootViewController.swift */ = {isa = PBXFileReference; lastKnownFileType = sourcecode.swift; path = RootViewController.swift; sourceTree = "<group>"; };
		3349E8CE2AE38B10000093DC /* Assets.xcassets */ = {isa = PBXFileReference; lastKnownFileType = folder.assetcatalog; path = Assets.xcassets; sourceTree = "<group>"; };
		3349E8D12AE38B10000093DC /* Base */ = {isa = PBXFileReference; lastKnownFileType = file.storyboard; name = Base; path = Base.lproj/LaunchScreen.storyboard; sourceTree = "<group>"; };
		3349E8D32AE38B10000093DC /* Info.plist */ = {isa = PBXFileReference; lastKnownFileType = text.plist.xml; path = Info.plist; sourceTree = "<group>"; };
/* End PBXFileReference section */

/* Begin PBXFrameworksBuildPhase section */
		3349E8BF2AE38B0E000093DC /* Frameworks */ = {
			isa = PBXFrameworksBuildPhase;
			buildActionMask = 2147483647;
			files = (
				3349E8E52AE39B80000093DC /* Then in Frameworks */,
				3349E8DB2AE39B6C000093DC /* PinLayout in Frameworks */,
				3349E8DE2AE39B77000093DC /* FlexLayout in Frameworks */,
				3349E8E22AE39B77000093DC /* FlexLayoutYogaKit in Frameworks */,
				3349E8E02AE39B77000093DC /* FlexLayoutYoga in Frameworks */,
			);
			runOnlyForDeploymentPostprocessing = 0;
		};
/* End PBXFrameworksBuildPhase section */

/* Begin PBXGroup section */
		3349E8B92AE38B0E000093DC = {
			isa = PBXGroup;
			children = (
				3349E8C42AE38B0E000093DC /* PinLayoutFlxLayoutPractices */,
				3349E8C32AE38B0E000093DC /* Products */,
			);
			sourceTree = "<group>";
		};
		3349E8C32AE38B0E000093DC /* Products */ = {
			isa = PBXGroup;
			children = (
				3349E8C22AE38B0E000093DC /* PinLayoutFlxLayoutPractices.app */,
			);
			name = Products;
			sourceTree = "<group>";
		};
		3349E8C42AE38B0E000093DC /* PinLayoutFlxLayoutPractices */ = {
			isa = PBXGroup;
			children = (
				3349E8E72AE39FFA000093DC /* Resources */,
				3349E8E82AE3A005000093DC /* Views */,
				3349E8E62AE39FF1000093DC /* Controllers */,
				3349E8D32AE38B10000093DC /* Info.plist */,
			);
			path = PinLayoutFlxLayoutPractices;
			sourceTree = "<group>";
		};
		3349E8E62AE39FF1000093DC /* Controllers */ = {
			isa = PBXGroup;
			children = (
				3349E8C92AE38B0E000093DC /* RootViewController.swift */,
			);
			path = Controllers;
			sourceTree = "<group>";
		};
		3349E8E72AE39FFA000093DC /* Resources */ = {
			isa = PBXGroup;
			children = (
				3349E8C52AE38B0E000093DC /* AppDelegate.swift */,
				3349E8C72AE38B0E000093DC /* SceneDelegate.swift */,
				3349E8CE2AE38B10000093DC /* Assets.xcassets */,
			);
			path = Resources;
			sourceTree = "<group>";
		};
		3349E8E82AE3A005000093DC /* Views */ = {
			isa = PBXGroup;
			children = (
				3349E8D02AE38B10000093DC /* LaunchScreen.storyboard */,
			);
			path = Views;
			sourceTree = "<group>";
		};
/* End PBXGroup section */

/* Begin PBXNativeTarget section */
		3349E8C12AE38B0E000093DC /* PinLayoutFlxLayoutPractices */ = {
			isa = PBXNativeTarget;
			buildConfigurationList = 3349E8D62AE38B10000093DC /* Build configuration list for PBXNativeTarget "PinLayoutFlxLayoutPractices" */;
			buildPhases = (
				3349E8BE2AE38B0E000093DC /* Sources */,
				3349E8BF2AE38B0E000093DC /* Frameworks */,
				3349E8C02AE38B0E000093DC /* Resources */,
			);
			buildRules = (
			);
			dependencies = (
			);
			name = PinLayoutFlxLayoutPractices;
			packageProductDependencies = (
				3349E8DA2AE39B6C000093DC /* PinLayout */,
				3349E8DD2AE39B77000093DC /* FlexLayout */,
				3349E8DF2AE39B77000093DC /* FlexLayoutYoga */,
				3349E8E12AE39B77000093DC /* FlexLayoutYogaKit */,
				3349E8E42AE39B80000093DC /* Then */,
			);
			productName = PinLayoutFlxLayoutPractices;
			productReference = 3349E8C22AE38B0E000093DC /* PinLayoutFlxLayoutPractices.app */;
			productType = "com.apple.product-type.application";
		};
/* End PBXNativeTarget section */

/* Begin PBXProject section */
		3349E8BA2AE38B0E000093DC /* Project object */ = {
			isa = PBXProject;
			attributes = {
				BuildIndependentTargetsInParallel = 1;
				LastSwiftUpdateCheck = 1500;
				LastUpgradeCheck = 1500;
				TargetAttributes = {
					3349E8C12AE38B0E000093DC = {
						CreatedOnToolsVersion = 15.0.1;
					};
				};
			};
			buildConfigurationList = 3349E8BD2AE38B0E000093DC /* Build configuration list for PBXProject "PinLayoutFlxLayoutPractices" */;
			compatibilityVersion = "Xcode 14.0";
			developmentRegion = en;
			hasScannedForEncodings = 0;
			knownRegions = (
				en,
				Base,
			);
			mainGroup = 3349E8B92AE38B0E000093DC;
			packageReferences = (
				3349E8D92AE39B6C000093DC /* XCRemoteSwiftPackageReference "PinLayout" */,
				3349E8DC2AE39B77000093DC /* XCRemoteSwiftPackageReference "FlexLayout" */,
				3349E8E32AE39B80000093DC /* XCRemoteSwiftPackageReference "Then" */,
			);
			productRefGroup = 3349E8C32AE38B0E000093DC /* Products */;
			projectDirPath = "";
			projectRoot = "";
			targets = (
				3349E8C12AE38B0E000093DC /* PinLayoutFlxLayoutPractices */,
			);
		};
/* End PBXProject section */

/* Begin PBXResourcesBuildPhase section */
		3349E8C02AE38B0E000093DC /* Resources */ = {
			isa = PBXResourcesBuildPhase;
			buildActionMask = 2147483647;
			files = (
				3349E8D22AE38B10000093DC /* LaunchScreen.storyboard in Resources */,
				3349E8CF2AE38B10000093DC /* Assets.xcassets in Resources */,
			);
			runOnlyForDeploymentPostprocessing = 0;
		};
/* End PBXResourcesBuildPhase section */

/* Begin PBXSourcesBuildPhase section */
		3349E8BE2AE38B0E000093DC /* Sources */ = {
			isa = PBXSourcesBuildPhase;
			buildActionMask = 2147483647;
			files = (
				3349E8CA2AE38B0E000093DC /* RootViewController.swift in Sources */,
				3349E8C62AE38B0E000093DC /* AppDelegate.swift in Sources */,
				3349E8C82AE38B0E000093DC /* SceneDelegate.swift in Sources */,
			);
			runOnlyForDeploymentPostprocessing = 0;
		};
/* End PBXSourcesBuildPhase section */

/* Begin PBXVariantGroup section */
		3349E8D02AE38B10000093DC /* LaunchScreen.storyboard */ = {
			isa = PBXVariantGroup;
			children = (
				3349E8D12AE38B10000093DC /* Base */,
			);
			name = LaunchScreen.storyboard;
			sourceTree = "<group>";
		};
/* End PBXVariantGroup section */

/* Begin XCBuildConfiguration section */
		3349E8D42AE38B10000093DC /* Debug */ = {
			isa = XCBuildConfiguration;
			buildSettings = {
				ALWAYS_SEARCH_USER_PATHS = NO;
				ASSETCATALOG_COMPILER_GENERATE_SWIFT_ASSET_SYMBOL_EXTENSIONS = YES;
				CLANG_ANALYZER_NONNULL = YES;
				CLANG_ANALYZER_NUMBER_OBJECT_CONVERSION = YES_AGGRESSIVE;
				CLANG_CXX_LANGUAGE_STANDARD = "gnu++20";
				CLANG_ENABLE_MODULES = YES;
				CLANG_ENABLE_OBJC_ARC = YES;
				CLANG_ENABLE_OBJC_WEAK = YES;
				CLANG_WARN_BLOCK_CAPTURE_AUTORELEASING = YES;
				CLANG_WARN_BOOL_CONVERSION = YES;
				CLANG_WARN_COMMA = YES;
				CLANG_WARN_CONSTANT_CONVERSION = YES;
				CLANG_WARN_DEPRECATED_OBJC_IMPLEMENTATIONS = YES;
				CLANG_WARN_DIRECT_OBJC_ISA_USAGE = YES_ERROR;
				CLANG_WARN_DOCUMENTATION_COMMENTS = YES;
				CLANG_WARN_EMPTY_BODY = YES;
				CLANG_WARN_ENUM_CONVERSION = YES;
				CLANG_WARN_INFINITE_RECURSION = YES;
				CLANG_WARN_INT_CONVERSION = YES;
				CLANG_WARN_NON_LITERAL_NULL_CONVERSION = YES;
				CLANG_WARN_OBJC_IMPLICIT_RETAIN_SELF = YES;
				CLANG_WARN_OBJC_LITERAL_CONVERSION = YES;
				CLANG_WARN_OBJC_ROOT_CLASS = YES_ERROR;
				CLANG_WARN_QUOTED_INCLUDE_IN_FRAMEWORK_HEADER = YES;
				CLANG_WARN_RANGE_LOOP_ANALYSIS = YES;
				CLANG_WARN_STRICT_PROTOTYPES = YES;
				CLANG_WARN_SUSPICIOUS_MOVE = YES;
				CLANG_WARN_UNGUARDED_AVAILABILITY = YES_AGGRESSIVE;
				CLANG_WARN_UNREACHABLE_CODE = YES;
				CLANG_WARN__DUPLICATE_METHOD_MATCH = YES;
				COPY_PHASE_STRIP = NO;
				DEBUG_INFORMATION_FORMAT = dwarf;
				ENABLE_STRICT_OBJC_MSGSEND = YES;
				ENABLE_TESTABILITY = YES;
				ENABLE_USER_SCRIPT_SANDBOXING = YES;
				GCC_C_LANGUAGE_STANDARD = gnu17;
				GCC_DYNAMIC_NO_PIC = NO;
				GCC_NO_COMMON_BLOCKS = YES;
				GCC_OPTIMIZATION_LEVEL = 0;
				GCC_PREPROCESSOR_DEFINITIONS = (
					"DEBUG=1",
					"$(inherited)",
				);
				GCC_WARN_64_TO_32_BIT_CONVERSION = YES;
				GCC_WARN_ABOUT_RETURN_TYPE = YES_ERROR;
				GCC_WARN_UNDECLARED_SELECTOR = YES;
				GCC_WARN_UNINITIALIZED_AUTOS = YES_AGGRESSIVE;
				GCC_WARN_UNUSED_FUNCTION = YES;
				GCC_WARN_UNUSED_VARIABLE = YES;
				IPHONEOS_DEPLOYMENT_TARGET = 15.0;
				LOCALIZATION_PREFERS_STRING_CATALOGS = YES;
				MTL_ENABLE_DEBUG_INFO = INCLUDE_SOURCE;
				MTL_FAST_MATH = YES;
				ONLY_ACTIVE_ARCH = YES;
				SDKROOT = iphoneos;
				SWIFT_ACTIVE_COMPILATION_CONDITIONS = "DEBUG $(inherited)";
				SWIFT_OPTIMIZATION_LEVEL = "-Onone";
			};
			name = Debug;
		};
		3349E8D52AE38B10000093DC /* Release */ = {
			isa = XCBuildConfiguration;
			buildSettings = {
				ALWAYS_SEARCH_USER_PATHS = NO;
				ASSETCATALOG_COMPILER_GENERATE_SWIFT_ASSET_SYMBOL_EXTENSIONS = YES;
				CLANG_ANALYZER_NONNULL = YES;
				CLANG_ANALYZER_NUMBER_OBJECT_CONVERSION = YES_AGGRESSIVE;
				CLANG_CXX_LANGUAGE_STANDARD = "gnu++20";
				CLANG_ENABLE_MODULES = YES;
				CLANG_ENABLE_OBJC_ARC = YES;
				CLANG_ENABLE_OBJC_WEAK = YES;
				CLANG_WARN_BLOCK_CAPTURE_AUTORELEASING = YES;
				CLANG_WARN_BOOL_CONVERSION = YES;
				CLANG_WARN_COMMA = YES;
				CLANG_WARN_CONSTANT_CONVERSION = YES;
				CLANG_WARN_DEPRECATED_OBJC_IMPLEMENTATIONS = YES;
				CLANG_WARN_DIRECT_OBJC_ISA_USAGE = YES_ERROR;
				CLANG_WARN_DOCUMENTATION_COMMENTS = YES;
				CLANG_WARN_EMPTY_BODY = YES;
				CLANG_WARN_ENUM_CONVERSION = YES;
				CLANG_WARN_INFINITE_RECURSION = YES;
				CLANG_WARN_INT_CONVERSION = YES;
				CLANG_WARN_NON_LITERAL_NULL_CONVERSION = YES;
				CLANG_WARN_OBJC_IMPLICIT_RETAIN_SELF = YES;
				CLANG_WARN_OBJC_LITERAL_CONVERSION = YES;
				CLANG_WARN_OBJC_ROOT_CLASS = YES_ERROR;
				CLANG_WARN_QUOTED_INCLUDE_IN_FRAMEWORK_HEADER = YES;
				CLANG_WARN_RANGE_LOOP_ANALYSIS = YES;
				CLANG_WARN_STRICT_PROTOTYPES = YES;
				CLANG_WARN_SUSPICIOUS_MOVE = YES;
				CLANG_WARN_UNGUARDED_AVAILABILITY = YES_AGGRESSIVE;
				CLANG_WARN_UNREACHABLE_CODE = YES;
				CLANG_WARN__DUPLICATE_METHOD_MATCH = YES;
				COPY_PHASE_STRIP = NO;
				DEBUG_INFORMATION_FORMAT = "dwarf-with-dsym";
				ENABLE_NS_ASSERTIONS = NO;
				ENABLE_STRICT_OBJC_MSGSEND = YES;
				ENABLE_USER_SCRIPT_SANDBOXING = YES;
				GCC_C_LANGUAGE_STANDARD = gnu17;
				GCC_NO_COMMON_BLOCKS = YES;
				GCC_WARN_64_TO_32_BIT_CONVERSION = YES;
				GCC_WARN_ABOUT_RETURN_TYPE = YES_ERROR;
				GCC_WARN_UNDECLARED_SELECTOR = YES;
				GCC_WARN_UNINITIALIZED_AUTOS = YES_AGGRESSIVE;
				GCC_WARN_UNUSED_FUNCTION = YES;
				GCC_WARN_UNUSED_VARIABLE = YES;
				IPHONEOS_DEPLOYMENT_TARGET = 15.0;
				LOCALIZATION_PREFERS_STRING_CATALOGS = YES;
				MTL_ENABLE_DEBUG_INFO = NO;
				MTL_FAST_MATH = YES;
				SDKROOT = iphoneos;
				SWIFT_COMPILATION_MODE = wholemodule;
				VALIDATE_PRODUCT = YES;
			};
			name = Release;
		};
		3349E8D72AE38B10000093DC /* Debug */ = {
			isa = XCBuildConfiguration;
			buildSettings = {
				ASSETCATALOG_COMPILER_APPICON_NAME = AppIcon;
				ASSETCATALOG_COMPILER_GLOBAL_ACCENT_COLOR_NAME = AccentColor;
				CODE_SIGN_STYLE = Automatic;
				CURRENT_PROJECT_VERSION = 1;
				DEVELOPMENT_TEAM = V94RHZNH5T;
				"GCC_PREPROCESSOR_DEFINITIONS[arch=*]" = "FLEXLAYOUT_SWIFT_PACKAGE=1";
				GENERATE_INFOPLIST_FILE = YES;
				INFOPLIST_FILE = PinLayoutFlxLayoutPractices/Info.plist;
				INFOPLIST_KEY_UIApplicationSupportsIndirectInputEvents = YES;
				INFOPLIST_KEY_UILaunchStoryboardName = LaunchScreen;
				INFOPLIST_KEY_UISupportedInterfaceOrientations_iPad = "UIInterfaceOrientationPortrait UIInterfaceOrientationPortraitUpsideDown UIInterfaceOrientationLandscapeLeft UIInterfaceOrientationLandscapeRight";
				INFOPLIST_KEY_UISupportedInterfaceOrientations_iPhone = "UIInterfaceOrientationPortrait UIInterfaceOrientationLandscapeLeft UIInterfaceOrientationLandscapeRight";
				IPHONEOS_DEPLOYMENT_TARGET = 15.0;
				LD_RUNPATH_SEARCH_PATHS = (
					"$(inherited)",
					"@executable_path/Frameworks",
				);
				MARKETING_VERSION = 1.0;
				"OTHER_LDFLAGS[arch=*]" = (
					"-Xlinker",
					"-no_warn_duplicate_libraries",
				);
				PRODUCT_BUNDLE_IDENTIFIER = dev.jinyongp.PinLayoutFlxLayoutPractices;
				PRODUCT_NAME = "$(TARGET_NAME)";
				SUPPORTED_PLATFORMS = "iphoneos iphonesimulator";
				SUPPORTS_MACCATALYST = NO;
				SUPPORTS_MAC_DESIGNED_FOR_IPHONE_IPAD = NO;
				SWIFT_EMIT_LOC_STRINGS = YES;
				SWIFT_VERSION = 5.0;
				TARGETED_DEVICE_FAMILY = 1;
			};
			name = Debug;
		};
		3349E8D82AE38B10000093DC /* Release */ = {
			isa = XCBuildConfiguration;
			buildSettings = {
				ASSETCATALOG_COMPILER_APPICON_NAME = AppIcon;
				ASSETCATALOG_COMPILER_GLOBAL_ACCENT_COLOR_NAME = AccentColor;
				CODE_SIGN_STYLE = Automatic;
				CURRENT_PROJECT_VERSION = 1;
				DEVELOPMENT_TEAM = V94RHZNH5T;
				"GCC_PREPROCESSOR_DEFINITIONS[arch=*]" = "FLEXLAYOUT_SWIFT_PACKAGE=1";
				GENERATE_INFOPLIST_FILE = YES;
				INFOPLIST_FILE = PinLayoutFlxLayoutPractices/Info.plist;
				INFOPLIST_KEY_UIApplicationSupportsIndirectInputEvents = YES;
				INFOPLIST_KEY_UILaunchStoryboardName = LaunchScreen;
				INFOPLIST_KEY_UISupportedInterfaceOrientations_iPad = "UIInterfaceOrientationPortrait UIInterfaceOrientationPortraitUpsideDown UIInterfaceOrientationLandscapeLeft UIInterfaceOrientationLandscapeRight";
				INFOPLIST_KEY_UISupportedInterfaceOrientations_iPhone = "UIInterfaceOrientationPortrait UIInterfaceOrientationLandscapeLeft UIInterfaceOrientationLandscapeRight";
				IPHONEOS_DEPLOYMENT_TARGET = 15.0;
				LD_RUNPATH_SEARCH_PATHS = (
					"$(inherited)",
					"@executable_path/Frameworks",
				);
				MARKETING_VERSION = 1.0;
				"OTHER_LDFLAGS[arch=*]" = (
					"-Xlinker",
					"-no_warn_duplicate_libraries",
				);
				PRODUCT_BUNDLE_IDENTIFIER = dev.jinyongp.PinLayoutFlxLayoutPractices;
				PRODUCT_NAME = "$(TARGET_NAME)";
				SUPPORTED_PLATFORMS = "iphoneos iphonesimulator";
				SUPPORTS_MACCATALYST = NO;
				SUPPORTS_MAC_DESIGNED_FOR_IPHONE_IPAD = NO;
				SWIFT_EMIT_LOC_STRINGS = YES;
				SWIFT_VERSION = 5.0;
				TARGETED_DEVICE_FAMILY = 1;
			};
			name = Release;
		};
/* End XCBuildConfiguration section */

/* Begin XCConfigurationList section */
		3349E8BD2AE38B0E000093DC /* Build configuration list for PBXProject "PinLayoutFlxLayoutPractices" */ = {
			isa = XCConfigurationList;
			buildConfigurations = (
				3349E8D42AE38B10000093DC /* Debug */,
				3349E8D52AE38B10000093DC /* Release */,
			);
			defaultConfigurationIsVisible = 0;
			defaultConfigurationName = Release;
		};
		3349E8D62AE38B10000093DC /* Build configuration list for PBXNativeTarget "PinLayoutFlxLayoutPractices" */ = {
			isa = XCConfigurationList;
			buildConfigurations = (
				3349E8D72AE38B10000093DC /* Debug */,
				3349E8D82AE38B10000093DC /* Release */,
			);
			defaultConfigurationIsVisible = 0;
			defaultConfigurationName = Release;
		};
/* End XCConfigurationList section */

/* Begin XCRemoteSwiftPackageReference section */
		3349E8D92AE39B6C000093DC /* XCRemoteSwiftPackageReference "PinLayout" */ = {
			isa = XCRemoteSwiftPackageReference;
			repositoryURL = "https://github.com/layoutBox/PinLayout";
			requirement = {
				kind = upToNextMajorVersion;
				minimumVersion = 1.10.4;
			};
		};
		3349E8DC2AE39B77000093DC /* XCRemoteSwiftPackageReference "FlexLayout" */ = {
			isa = XCRemoteSwiftPackageReference;
			repositoryURL = "https://github.com/layoutBox/FlexLayout.git";
			requirement = {
				kind = upToNextMajorVersion;
				minimumVersion = 2.0.3;
			};
		};
		3349E8E32AE39B80000093DC /* XCRemoteSwiftPackageReference "Then" */ = {
			isa = XCRemoteSwiftPackageReference;
			repositoryURL = "https://github.com/devxoul/Then";
			requirement = {
				kind = upToNextMajorVersion;
				minimumVersion = 3.0.0;
			};
		};
/* End XCRemoteSwiftPackageReference section */

/* Begin XCSwiftPackageProductDependency section */
		3349E8DA2AE39B6C000093DC /* PinLayout */ = {
			isa = XCSwiftPackageProductDependency;
			package = 3349E8D92AE39B6C000093DC /* XCRemoteSwiftPackageReference "PinLayout" */;
			productName = PinLayout;
		};
		3349E8DD2AE39B77000093DC /* FlexLayout */ = {
			isa = XCSwiftPackageProductDependency;
			package = 3349E8DC2AE39B77000093DC /* XCRemoteSwiftPackageReference "FlexLayout" */;
			productName = FlexLayout;
		};
		3349E8DF2AE39B77000093DC /* FlexLayoutYoga */ = {
			isa = XCSwiftPackageProductDependency;
			package = 3349E8DC2AE39B77000093DC /* XCRemoteSwiftPackageReference "FlexLayout" */;
			productName = FlexLayoutYoga;
		};
		3349E8E12AE39B77000093DC /* FlexLayoutYogaKit */ = {
			isa = XCSwiftPackageProductDependency;
			package = 3349E8DC2AE39B77000093DC /* XCRemoteSwiftPackageReference "FlexLayout" */;
			productName = FlexLayoutYogaKit;
		};
		3349E8E42AE39B80000093DC /* Then */ = {
			isa = XCSwiftPackageProductDependency;
			package = 3349E8E32AE39B80000093DC /* XCRemoteSwiftPackageReference "Then" */;
			productName = Then;
		};
/* End XCSwiftPackageProductDependency section */
	};
	rootObject = 3349E8BA2AE38B0E000093DC /* Project object */;
}
